{
  "version": "4",
  "specifiers": {
    "jsr:@std/assert@^1.0.10": "1.0.10",
    "jsr:@std/expect@*": "1.0.11",
    "jsr:@std/internal@^1.0.5": "1.0.5",
    "npm:@datastructures-js/deque@1.0.4": "1.0.4",
    "npm:@datastructures-js/priority-queue@5.4.0": "5.4.0",
    "npm:lodash@4.17.21": "4.17.21"
  },
  "jsr": {
    "@std/assert@1.0.10": {
      "integrity": "59b5cbac5bd55459a19045d95cc7c2ff787b4f8527c0dd195078ff6f9481fbb3",
      "dependencies": [
        "jsr:@std/internal"
      ]
    },
    "@std/expect@1.0.11": {
      "integrity": "5aa5d5cf891e9a3249e45ea770de15189e5a2faee2122ee5746b10d1c310a19b",
      "dependencies": [
        "jsr:@std/assert",
        "jsr:@std/internal"
      ]
    },
    "@std/internal@1.0.5": {
      "integrity": "54a546004f769c1ac9e025abd15a76b6671ddc9687e2313b67376125650dc7ba"
    }
  },
  "npm": {
    "@datastructures-js/deque@1.0.4": {
      "integrity": "sha512-zlgVSsxqiAd+scLUILvx8E887o+6kYds9/d4DCM/mFOuUITUlPG/r3u5iPZjzW3o6XPPi+p66p3Kf1+wFxYvLQ=="
    },
    "@datastructures-js/heap@3.2.0": {
      "integrity": "sha512-FcU5ZAyb+VIOZz1HABsJUsbJi2ZyUDO7aoe97hq4d3tK3z8nMgwdxf5bO0gafR0ExFi18YTspntqHLzt4XOgnA=="
    },
    "@datastructures-js/priority-queue@5.4.0": {
      "integrity": "sha512-x+EkL8tjbwBMCUyVIwsOiKnWiOvMiFAIrnWQihcO42sUZ8uc4sRsJgHAS164wnibM2kVgQUJcfvhIdssBOzxRg==",
      "dependencies": [
        "@datastructures-js/heap"
      ]
    },
    "lodash@4.17.21": {
      "integrity": "sha512-v2kDEe57lecTulaDIuNTPy3Ry4gLGJ6Z1O3vE1krgXZNrsQ+LFTGHVxVjcXPs17LhbZVGedAJv8XZ1tvj5FvSg=="
    }
  },
  "workspace": {
    "packageJson": {
      "dependencies": [
        "npm:@datastructures-js/deque@1.0.4",
        "npm:@datastructures-js/priority-queue@5.4.0",
        "npm:lodash@4.17.21"
      ]
    }
  }
}
